
Microsoft Visual Studio Solution File, Format Version 12.00
# Visual Studio Version 17
VisualStudioVersion = 17.3.32811.315
MinimumVisualStudioVersion = 10.0.40219.1
Project("{FAE04EC0-301F-11D3-BF4B-00C04F79EFBC}") = "Calculator", "Calculator\Calculator.csproj", "{B21879C1-CA96-4D2D-877B-D2B3E824FAB2}"
EndProject
Project("{FAE04EC0-301F-11D3-BF4B-00C04F79EFBC}") = "Calculator.Tests", "Calculator.Test\Calculator.Tests.csproj", "{FA5D1270-6A7A-48D1-8C3C-77EE30B12540}"
EndProject
Global
	GlobalSection(SolutionConfigurationPlatforms) = preSolution
		Debug|Any CPU = Debug|Any CPU
		Release|Any CPU = Release|Any CPU
	EndGlobalSection
	GlobalSection(ProjectConfigurationPlatforms) = postSolution
		{B21879C1-CA96-4D2D-877B-D2B3E824FAB2}.Debug|Any CPU.ActiveCfg = Debug|Any CPU
		{B21879C1-CA96-4D2D-877B-D2B3E824FAB2}.Debug|Any CPU.Build.0 = Debug|Any CPU
		{B21879C1-CA96-4D2D-877B-D2B3E824FAB2}.Release|Any CPU.ActiveCfg = Release|Any CPU
		{B21879C1-CA96-4D2D-877B-D2B3E824FAB2}.Release|Any CPU.Build.0 = Release|Any CPU
		{FA5D1270-6A7A-48D1-8C3C-77EE30B12540}.Debug|Any CPU.ActiveCfg = Debug|Any CPU
		{FA5D1270-6A7A-48D1-8C3C-77EE30B12540}.Debug|Any CPU.Build.0 = Debug|Any CPU
		{FA5D1270-6A7A-48D1-8C3C-77EE30B12540}.Release|Any CPU.ActiveCfg = Release|Any CPU
		{FA5D1270-6A7A-48D1-8C3C-77EE30B12540}.Release|Any CPU.Build.0 = Release|Any CPU
	EndGlobalSection
	GlobalSection(SolutionProperties) = preSolution
		HideSolutionNode = FALSE
	EndGlobalSection
	GlobalSection(ExtensibilityGlobals) = postSolution
		SolutionGuid = {5B0458C3-EE55-41C1-A207-751CF5E99CAE}
	EndGlobalSection
EndGlobal
